
Microsoft Visual Studio Solution File, Format Version 12.00
# Visual Studio Version 17
VisualStudioVersion = 17.8.34511.84
MinimumVisualStudioVersion = 10.0.40219.1
Project("{8BC9CEB8-8B4A-11D0-8D11-00A0C91BC942}") = "Experiment", "Experiment\Experiment.vcxproj", "{E24FF7B3-5EC4-423C-B316-CDB2942C2A01}"
EndProject
Project("{8BC9CEB8-8B4A-11D0-8D11-00A0C91BC942}") = "OpticalDriveSelectComboBox", "OpticalDriveSelectComboBox\OpticalDriveSelectComboBox.vcxproj", "{C161E095-EE29-4954-8F4F-35188258FF24}"
EndProject
Project("{8BC9CEB8-8B4A-11D0-8D11-00A0C91BC942}") = "WM_DEVICECHANGE", "WM_DEVICECHANGE\WM_DEVICECHANGE.vcxproj", "{0ADD0C2F-FE9C-405B-A7A0-A0FD4892C736}"
EndProject
Project("{8BC9CEB8-8B4A-11D0-8D11-00A0C91BC942}") = "CommonLib", "CommonLib\CommonLib.vcxproj", "{A6A69963-242F-4BA8-9378-3A4EB42FAD80}"
EndProject
Project("{8BC9CEB8-8B4A-11D0-8D11-00A0C91BC942}") = "OpticalDiscReadTest", "OpticalDiscReadTest\OpticalDiscReadTest.vcxproj", "{2D38BEFB-3FD4-454F-A157-DEB211D7FC47}"
EndProject
Project("{8BC9CEB8-8B4A-11D0-8D11-00A0C91BC942}") = "OpticalDriveInformationConsole", "OpticalDriveInformationConsole\OpticalDriveInformationConsole.vcxproj", "{5FFD4778-6E9B-4890-973D-8B624278D125}"
EndProject
Project("{8BC9CEB8-8B4A-11D0-8D11-00A0C91BC942}") = "HSAudioCDRippingConsole", "HSAudioCDRippingConsole\HSAudioCDRippingConsole.vcxproj", "{501E365B-A767-4109-98EC-89828B4AA487}"
EndProject
Project("{8BC9CEB8-8B4A-11D0-8D11-00A0C91BC942}") = "AudioCDPlayTestConsole", "AudioCDPlayTestConsole\AudioCDPlayTestConsole.vcxproj", "{B10684CE-2919-4F0C-98DA-2BC35FCB6820}"
EndProject
Project("{8BC9CEB8-8B4A-11D0-8D11-00A0C91BC942}") = "CDTextReadTest", "CDTextReadTest\CDTextReadTest.vcxproj", "{B2BB85B0-409C-431C-9E00-016FBB592F35}"
EndProject
Global
	GlobalSection(SolutionConfigurationPlatforms) = preSolution
		Debug|x64 = Debug|x64
		Debug|x86 = Debug|x86
		Release|x64 = Release|x64
		Release|x86 = Release|x86
	EndGlobalSection
	GlobalSection(ProjectConfigurationPlatforms) = postSolution
		{E24FF7B3-5EC4-423C-B316-CDB2942C2A01}.Debug|x64.ActiveCfg = Debug|x64
		{E24FF7B3-5EC4-423C-B316-CDB2942C2A01}.Debug|x64.Build.0 = Debug|x64
		{E24FF7B3-5EC4-423C-B316-CDB2942C2A01}.Debug|x86.ActiveCfg = Debug|Win32
		{E24FF7B3-5EC4-423C-B316-CDB2942C2A01}.Debug|x86.Build.0 = Debug|Win32
		{E24FF7B3-5EC4-423C-B316-CDB2942C2A01}.Release|x64.ActiveCfg = Release|x64
		{E24FF7B3-5EC4-423C-B316-CDB2942C2A01}.Release|x64.Build.0 = Release|x64
		{E24FF7B3-5EC4-423C-B316-CDB2942C2A01}.Release|x86.ActiveCfg = Release|Win32
		{E24FF7B3-5EC4-423C-B316-CDB2942C2A01}.Release|x86.Build.0 = Release|Win32
		{C161E095-EE29-4954-8F4F-35188258FF24}.Debug|x64.ActiveCfg = Debug|x64
		{C161E095-EE29-4954-8F4F-35188258FF24}.Debug|x64.Build.0 = Debug|x64
		{C161E095-EE29-4954-8F4F-35188258FF24}.Debug|x86.ActiveCfg = Debug|Win32
		{C161E095-EE29-4954-8F4F-35188258FF24}.Debug|x86.Build.0 = Debug|Win32
		{C161E095-EE29-4954-8F4F-35188258FF24}.Release|x64.ActiveCfg = Release|x64
		{C161E095-EE29-4954-8F4F-35188258FF24}.Release|x64.Build.0 = Release|x64
		{C161E095-EE29-4954-8F4F-35188258FF24}.Release|x86.ActiveCfg = Release|Win32
		{C161E095-EE29-4954-8F4F-35188258FF24}.Release|x86.Build.0 = Release|Win32
		{0ADD0C2F-FE9C-405B-A7A0-A0FD4892C736}.Debug|x64.ActiveCfg = Debug|x64
		{0ADD0C2F-FE9C-405B-A7A0-A0FD4892C736}.Debug|x64.Build.0 = Debug|x64
		{0ADD0C2F-FE9C-405B-A7A0-A0FD4892C736}.Debug|x86.ActiveCfg = Debug|Win32
		{0ADD0C2F-FE9C-405B-A7A0-A0FD4892C736}.Debug|x86.Build.0 = Debug|Win32
		{0ADD0C2F-FE9C-405B-A7A0-A0FD4892C736}.Release|x64.ActiveCfg = Release|x64
		{0ADD0C2F-FE9C-405B-A7A0-A0FD4892C736}.Release|x64.Build.0 = Release|x64
		{0ADD0C2F-FE9C-405B-A7A0-A0FD4892C736}.Release|x86.ActiveCfg = Release|Win32
		{0ADD0C2F-FE9C-405B-A7A0-A0FD4892C736}.Release|x86.Build.0 = Release|Win32
		{A6A69963-242F-4BA8-9378-3A4EB42FAD80}.Debug|x64.ActiveCfg = Debug|x64
		{A6A69963-242F-4BA8-9378-3A4EB42FAD80}.Debug|x64.Build.0 = Debug|x64
		{A6A69963-242F-4BA8-9378-3A4EB42FAD80}.Debug|x86.ActiveCfg = Debug|Win32
		{A6A69963-242F-4BA8-9378-3A4EB42FAD80}.Debug|x86.Build.0 = Debug|Win32
		{A6A69963-242F-4BA8-9378-3A4EB42FAD80}.Release|x64.ActiveCfg = Release|x64
		{A6A69963-242F-4BA8-9378-3A4EB42FAD80}.Release|x64.Build.0 = Release|x64
		{A6A69963-242F-4BA8-9378-3A4EB42FAD80}.Release|x86.ActiveCfg = Release|Win32
		{A6A69963-242F-4BA8-9378-3A4EB42FAD80}.Release|x86.Build.0 = Release|Win32
		{2D38BEFB-3FD4-454F-A157-DEB211D7FC47}.Debug|x64.ActiveCfg = Debug|x64
		{2D38BEFB-3FD4-454F-A157-DEB211D7FC47}.Debug|x64.Build.0 = Debug|x64
		{2D38BEFB-3FD4-454F-A157-DEB211D7FC47}.Debug|x86.ActiveCfg = Debug|Win32
		{2D38BEFB-3FD4-454F-A157-DEB211D7FC47}.Debug|x86.Build.0 = Debug|Win32
		{2D38BEFB-3FD4-454F-A157-DEB211D7FC47}.Release|x64.ActiveCfg = Release|x64
		{2D38BEFB-3FD4-454F-A157-DEB211D7FC47}.Release|x64.Build.0 = Release|x64
		{2D38BEFB-3FD4-454F-A157-DEB211D7FC47}.Release|x86.ActiveCfg = Release|Win32
		{2D38BEFB-3FD4-454F-A157-DEB211D7FC47}.Release|x86.Build.0 = Release|Win32
		{5FFD4778-6E9B-4890-973D-8B624278D125}.Debug|x64.ActiveCfg = Debug|x64
		{5FFD4778-6E9B-4890-973D-8B624278D125}.Debug|x64.Build.0 = Debug|x64
		{5FFD4778-6E9B-4890-973D-8B624278D125}.Debug|x86.ActiveCfg = Debug|Win32
		{5FFD4778-6E9B-4890-973D-8B624278D125}.Debug|x86.Build.0 = Debug|Win32
		{5FFD4778-6E9B-4890-973D-8B624278D125}.Release|x64.ActiveCfg = Release|x64
		{5FFD4778-6E9B-4890-973D-8B624278D125}.Release|x64.Build.0 = Release|x64
		{5FFD4778-6E9B-4890-973D-8B624278D125}.Release|x86.ActiveCfg = Release|Win32
		{5FFD4778-6E9B-4890-973D-8B624278D125}.Release|x86.Build.0 = Release|Win32
		{501E365B-A767-4109-98EC-89828B4AA487}.Debug|x64.ActiveCfg = Debug|x64
		{501E365B-A767-4109-98EC-89828B4AA487}.Debug|x64.Build.0 = Debug|x64
		{501E365B-A767-4109-98EC-89828B4AA487}.Debug|x86.ActiveCfg = Debug|Win32
		{501E365B-A767-4109-98EC-89828B4AA487}.Debug|x86.Build.0 = Debug|Win32
		{501E365B-A767-4109-98EC-89828B4AA487}.Release|x64.ActiveCfg = Release|x64
		{501E365B-A767-4109-98EC-89828B4AA487}.Release|x64.Build.0 = Release|x64
		{501E365B-A767-4109-98EC-89828B4AA487}.Release|x86.ActiveCfg = Release|Win32
		{501E365B-A767-4109-98EC-89828B4AA487}.Release|x86.Build.0 = Release|Win32
		{B10684CE-2919-4F0C-98DA-2BC35FCB6820}.Debug|x64.ActiveCfg = Debug|x64
		{B10684CE-2919-4F0C-98DA-2BC35FCB6820}.Debug|x64.Build.0 = Debug|x64
		{B10684CE-2919-4F0C-98DA-2BC35FCB6820}.Debug|x86.ActiveCfg = Debug|Win32
		{B10684CE-2919-4F0C-98DA-2BC35FCB6820}.Debug|x86.Build.0 = Debug|Win32
		{B10684CE-2919-4F0C-98DA-2BC35FCB6820}.Release|x64.ActiveCfg = Release|x64
		{B10684CE-2919-4F0C-98DA-2BC35FCB6820}.Release|x64.Build.0 = Release|x64
		{B10684CE-2919-4F0C-98DA-2BC35FCB6820}.Release|x86.ActiveCfg = Release|Win32
		{B10684CE-2919-4F0C-98DA-2BC35FCB6820}.Release|x86.Build.0 = Release|Win32
		{B2BB85B0-409C-431C-9E00-016FBB592F35}.Debug|x64.ActiveCfg = Debug|x64
		{B2BB85B0-409C-431C-9E00-016FBB592F35}.Debug|x64.Build.0 = Debug|x64
		{B2BB85B0-409C-431C-9E00-016FBB592F35}.Debug|x86.ActiveCfg = Debug|Win32
		{B2BB85B0-409C-431C-9E00-016FBB592F35}.Debug|x86.Build.0 = Debug|Win32
		{B2BB85B0-409C-431C-9E00-016FBB592F35}.Release|x64.ActiveCfg = Release|x64
		{B2BB85B0-409C-431C-9E00-016FBB592F35}.Release|x64.Build.0 = Release|x64
		{B2BB85B0-409C-431C-9E00-016FBB592F35}.Release|x86.ActiveCfg = Release|Win32
		{B2BB85B0-409C-431C-9E00-016FBB592F35}.Release|x86.Build.0 = Release|Win32
	EndGlobalSection
	GlobalSection(SolutionProperties) = preSolution
		HideSolutionNode = FALSE
	EndGlobalSection
	GlobalSection(ExtensibilityGlobals) = postSolution
		SolutionGuid = {5C608A90-34FA-4934-AC45-EDCBEF90589F}
	EndGlobalSection
EndGlobal
