
Microsoft Visual Studio Solution File, Format Version 12.00
# Visual Studio Version 17
VisualStudioVersion = 17.8.34511.84
MinimumVisualStudioVersion = 10.0.40219.1
Project("{2150E333-8FDC-42A3-9474-1A3956D46DE8}") = "Experiments", "Experiments", "{21D209B5-1132-464E-A3F4-A859D8AA0AF5}"
EndProject
Project("{2150E333-8FDC-42A3-9474-1A3956D46DE8}") = "Tools", "Tools", "{E33B7B84-979C-4A8B-9058-6B482B7F7010}"
EndProject
Project("{2150E333-8FDC-42A3-9474-1A3956D46DE8}") = "Libraries", "Libraries", "{1C6E3753-9DF8-41DE-9E3A-5DECCAF53754}"
EndProject
Project("{2150E333-8FDC-42A3-9474-1A3956D46DE8}") = "ExperimentsGUI", "ExperimentsGUI", "{5E434C6A-D4DC-443D-AED8-BBB8512E32F4}"
EndProject
Project("{8BC9CEB8-8B4A-11D0-8D11-00A0C91BC942}") = "CommonLib", "Libraries\CommonLib\CommonLib.vcxproj", "{A6A69963-242F-4BA8-9378-3A4EB42FAD80}"
EndProject
Project("{8BC9CEB8-8B4A-11D0-8D11-00A0C91BC942}") = "OpticalDiscReadTest", "Experiments\OpticalDiscReadTest\OpticalDiscReadTest.vcxproj", "{2D38BEFB-3FD4-454F-A157-DEB211D7FC47}"
EndProject
Project("{8BC9CEB8-8B4A-11D0-8D11-00A0C91BC942}") = "GeneralExperiment", "Experiments\GeneralExperiment\GeneralExperiment.vcxproj", "{E24FF7B3-5EC4-423C-B316-CDB2942C2A01}"
EndProject
Project("{8BC9CEB8-8B4A-11D0-8D11-00A0C91BC942}") = "CDTextReadTest", "Experiments\CDTextReadTest\CDTextReadTest.vcxproj", "{B2BB85B0-409C-431C-9E00-016FBB592F35}"
EndProject
Project("{8BC9CEB8-8B4A-11D0-8D11-00A0C91BC942}") = "WM_DEVICECHANGE", "ExperimentsGUI\WM_DEVICECHANGE\WM_DEVICECHANGE.vcxproj", "{0ADD0C2F-FE9C-405B-A7A0-A0FD4892C736}"
EndProject
Project("{8BC9CEB8-8B4A-11D0-8D11-00A0C91BC942}") = "OpticalDriveSelectComboBox", "ExperimentsGUI\OpticalDriveSelectComboBox\OpticalDriveSelectComboBox.vcxproj", "{C161E095-EE29-4954-8F4F-35188258FF24}"
EndProject
Project("{8BC9CEB8-8B4A-11D0-8D11-00A0C91BC942}") = "AudioCDPlayTestConsole", "Tools\AudioCDPlayTestConsole\AudioCDPlayTestConsole.vcxproj", "{B10684CE-2919-4F0C-98DA-2BC35FCB6820}"
EndProject
Project("{8BC9CEB8-8B4A-11D0-8D11-00A0C91BC942}") = "DiscInformationConsole", "Tools\DiscInformationConsole\DiscInformationConsole.vcxproj", "{A3FD2864-4284-4155-ABD3-E045B24E3D46}"
EndProject
Project("{8BC9CEB8-8B4A-11D0-8D11-00A0C91BC942}") = "HSAudioCDRippingConsole", "Tools\HSAudioCDRippingConsole\HSAudioCDRippingConsole.vcxproj", "{501E365B-A767-4109-98EC-89828B4AA487}"
EndProject
Project("{8BC9CEB8-8B4A-11D0-8D11-00A0C91BC942}") = "OpticalDriveInformationConsole", "Tools\OpticalDriveInformationConsole\OpticalDriveInformationConsole.vcxproj", "{5FFD4778-6E9B-4890-973D-8B624278D125}"
EndProject
Project("{8BC9CEB8-8B4A-11D0-8D11-00A0C91BC942}") = "WaveFileIOLib", "Libraries\WaveFileIOLib\WaveFileIOLib.vcxproj", "{47A0F776-1785-4C42-9611-9193F603593E}"
EndProject
Project("{8BC9CEB8-8B4A-11D0-8D11-00A0C91BC942}") = "HashLib", "Libraries\HashLib\HashLib.vcxproj", "{13041C6E-02F5-4876-8E58-11E6A57AA157}"
EndProject
Project("{8BC9CEB8-8B4A-11D0-8D11-00A0C91BC942}") = "InternalLib", "Libraries\InternalLib\InternalLib.vcxproj", "{BC3910B1-E23C-4D1B-86A5-EE6C4252BEBF}"
EndProject
Global
	GlobalSection(SolutionConfigurationPlatforms) = preSolution
		Debug|x64 = Debug|x64
		Debug|x86 = Debug|x86
		Release|x64 = Release|x64
		Release|x86 = Release|x86
	EndGlobalSection
	GlobalSection(ProjectConfigurationPlatforms) = postSolution
		{A6A69963-242F-4BA8-9378-3A4EB42FAD80}.Debug|x64.ActiveCfg = Debug|x64
		{A6A69963-242F-4BA8-9378-3A4EB42FAD80}.Debug|x64.Build.0 = Debug|x64
		{A6A69963-242F-4BA8-9378-3A4EB42FAD80}.Debug|x86.ActiveCfg = Debug|Win32
		{A6A69963-242F-4BA8-9378-3A4EB42FAD80}.Debug|x86.Build.0 = Debug|Win32
		{A6A69963-242F-4BA8-9378-3A4EB42FAD80}.Release|x64.ActiveCfg = Release|x64
		{A6A69963-242F-4BA8-9378-3A4EB42FAD80}.Release|x64.Build.0 = Release|x64
		{A6A69963-242F-4BA8-9378-3A4EB42FAD80}.Release|x86.ActiveCfg = Release|Win32
		{A6A69963-242F-4BA8-9378-3A4EB42FAD80}.Release|x86.Build.0 = Release|Win32
		{2D38BEFB-3FD4-454F-A157-DEB211D7FC47}.Debug|x64.ActiveCfg = Debug|x64
		{2D38BEFB-3FD4-454F-A157-DEB211D7FC47}.Debug|x64.Build.0 = Debug|x64
		{2D38BEFB-3FD4-454F-A157-DEB211D7FC47}.Debug|x86.ActiveCfg = Debug|Win32
		{2D38BEFB-3FD4-454F-A157-DEB211D7FC47}.Debug|x86.Build.0 = Debug|Win32
		{2D38BEFB-3FD4-454F-A157-DEB211D7FC47}.Release|x64.ActiveCfg = Release|x64
		{2D38BEFB-3FD4-454F-A157-DEB211D7FC47}.Release|x64.Build.0 = Release|x64
		{2D38BEFB-3FD4-454F-A157-DEB211D7FC47}.Release|x86.ActiveCfg = Release|Win32
		{2D38BEFB-3FD4-454F-A157-DEB211D7FC47}.Release|x86.Build.0 = Release|Win32
		{E24FF7B3-5EC4-423C-B316-CDB2942C2A01}.Debug|x64.ActiveCfg = Debug|x64
		{E24FF7B3-5EC4-423C-B316-CDB2942C2A01}.Debug|x64.Build.0 = Debug|x64
		{E24FF7B3-5EC4-423C-B316-CDB2942C2A01}.Debug|x86.ActiveCfg = Debug|Win32
		{E24FF7B3-5EC4-423C-B316-CDB2942C2A01}.Debug|x86.Build.0 = Debug|Win32
		{E24FF7B3-5EC4-423C-B316-CDB2942C2A01}.Release|x64.ActiveCfg = Release|x64
		{E24FF7B3-5EC4-423C-B316-CDB2942C2A01}.Release|x64.Build.0 = Release|x64
		{E24FF7B3-5EC4-423C-B316-CDB2942C2A01}.Release|x86.ActiveCfg = Release|Win32
		{E24FF7B3-5EC4-423C-B316-CDB2942C2A01}.Release|x86.Build.0 = Release|Win32
		{B2BB85B0-409C-431C-9E00-016FBB592F35}.Debug|x64.ActiveCfg = Debug|x64
		{B2BB85B0-409C-431C-9E00-016FBB592F35}.Debug|x64.Build.0 = Debug|x64
		{B2BB85B0-409C-431C-9E00-016FBB592F35}.Debug|x86.ActiveCfg = Debug|Win32
		{B2BB85B0-409C-431C-9E00-016FBB592F35}.Debug|x86.Build.0 = Debug|Win32
		{B2BB85B0-409C-431C-9E00-016FBB592F35}.Release|x64.ActiveCfg = Release|x64
		{B2BB85B0-409C-431C-9E00-016FBB592F35}.Release|x64.Build.0 = Release|x64
		{B2BB85B0-409C-431C-9E00-016FBB592F35}.Release|x86.ActiveCfg = Release|Win32
		{B2BB85B0-409C-431C-9E00-016FBB592F35}.Release|x86.Build.0 = Release|Win32
		{0ADD0C2F-FE9C-405B-A7A0-A0FD4892C736}.Debug|x64.ActiveCfg = Debug|x64
		{0ADD0C2F-FE9C-405B-A7A0-A0FD4892C736}.Debug|x64.Build.0 = Debug|x64
		{0ADD0C2F-FE9C-405B-A7A0-A0FD4892C736}.Debug|x86.ActiveCfg = Debug|Win32
		{0ADD0C2F-FE9C-405B-A7A0-A0FD4892C736}.Debug|x86.Build.0 = Debug|Win32
		{0ADD0C2F-FE9C-405B-A7A0-A0FD4892C736}.Release|x64.ActiveCfg = Release|x64
		{0ADD0C2F-FE9C-405B-A7A0-A0FD4892C736}.Release|x64.Build.0 = Release|x64
		{0ADD0C2F-FE9C-405B-A7A0-A0FD4892C736}.Release|x86.ActiveCfg = Release|Win32
		{0ADD0C2F-FE9C-405B-A7A0-A0FD4892C736}.Release|x86.Build.0 = Release|Win32
		{C161E095-EE29-4954-8F4F-35188258FF24}.Debug|x64.ActiveCfg = Debug|x64
		{C161E095-EE29-4954-8F4F-35188258FF24}.Debug|x64.Build.0 = Debug|x64
		{C161E095-EE29-4954-8F4F-35188258FF24}.Debug|x86.ActiveCfg = Debug|Win32
		{C161E095-EE29-4954-8F4F-35188258FF24}.Debug|x86.Build.0 = Debug|Win32
		{C161E095-EE29-4954-8F4F-35188258FF24}.Release|x64.ActiveCfg = Release|x64
		{C161E095-EE29-4954-8F4F-35188258FF24}.Release|x64.Build.0 = Release|x64
		{C161E095-EE29-4954-8F4F-35188258FF24}.Release|x86.ActiveCfg = Release|Win32
		{C161E095-EE29-4954-8F4F-35188258FF24}.Release|x86.Build.0 = Release|Win32
		{B10684CE-2919-4F0C-98DA-2BC35FCB6820}.Debug|x64.ActiveCfg = Debug|x64
		{B10684CE-2919-4F0C-98DA-2BC35FCB6820}.Debug|x64.Build.0 = Debug|x64
		{B10684CE-2919-4F0C-98DA-2BC35FCB6820}.Debug|x86.ActiveCfg = Debug|Win32
		{B10684CE-2919-4F0C-98DA-2BC35FCB6820}.Debug|x86.Build.0 = Debug|Win32
		{B10684CE-2919-4F0C-98DA-2BC35FCB6820}.Release|x64.ActiveCfg = Release|x64
		{B10684CE-2919-4F0C-98DA-2BC35FCB6820}.Release|x64.Build.0 = Release|x64
		{B10684CE-2919-4F0C-98DA-2BC35FCB6820}.Release|x86.ActiveCfg = Release|Win32
		{B10684CE-2919-4F0C-98DA-2BC35FCB6820}.Release|x86.Build.0 = Release|Win32
		{A3FD2864-4284-4155-ABD3-E045B24E3D46}.Debug|x64.ActiveCfg = Debug|x64
		{A3FD2864-4284-4155-ABD3-E045B24E3D46}.Debug|x64.Build.0 = Debug|x64
		{A3FD2864-4284-4155-ABD3-E045B24E3D46}.Debug|x86.ActiveCfg = Debug|Win32
		{A3FD2864-4284-4155-ABD3-E045B24E3D46}.Debug|x86.Build.0 = Debug|Win32
		{A3FD2864-4284-4155-ABD3-E045B24E3D46}.Release|x64.ActiveCfg = Release|x64
		{A3FD2864-4284-4155-ABD3-E045B24E3D46}.Release|x64.Build.0 = Release|x64
		{A3FD2864-4284-4155-ABD3-E045B24E3D46}.Release|x86.ActiveCfg = Release|Win32
		{A3FD2864-4284-4155-ABD3-E045B24E3D46}.Release|x86.Build.0 = Release|Win32
		{501E365B-A767-4109-98EC-89828B4AA487}.Debug|x64.ActiveCfg = Debug|x64
		{501E365B-A767-4109-98EC-89828B4AA487}.Debug|x64.Build.0 = Debug|x64
		{501E365B-A767-4109-98EC-89828B4AA487}.Debug|x86.ActiveCfg = Debug|Win32
		{501E365B-A767-4109-98EC-89828B4AA487}.Debug|x86.Build.0 = Debug|Win32
		{501E365B-A767-4109-98EC-89828B4AA487}.Release|x64.ActiveCfg = Release|x64
		{501E365B-A767-4109-98EC-89828B4AA487}.Release|x64.Build.0 = Release|x64
		{501E365B-A767-4109-98EC-89828B4AA487}.Release|x86.ActiveCfg = Release|Win32
		{501E365B-A767-4109-98EC-89828B4AA487}.Release|x86.Build.0 = Release|Win32
		{5FFD4778-6E9B-4890-973D-8B624278D125}.Debug|x64.ActiveCfg = Debug|x64
		{5FFD4778-6E9B-4890-973D-8B624278D125}.Debug|x64.Build.0 = Debug|x64
		{5FFD4778-6E9B-4890-973D-8B624278D125}.Debug|x86.ActiveCfg = Debug|Win32
		{5FFD4778-6E9B-4890-973D-8B624278D125}.Debug|x86.Build.0 = Debug|Win32
		{5FFD4778-6E9B-4890-973D-8B624278D125}.Release|x64.ActiveCfg = Release|x64
		{5FFD4778-6E9B-4890-973D-8B624278D125}.Release|x64.Build.0 = Release|x64
		{5FFD4778-6E9B-4890-973D-8B624278D125}.Release|x86.ActiveCfg = Release|Win32
		{5FFD4778-6E9B-4890-973D-8B624278D125}.Release|x86.Build.0 = Release|Win32
		{47A0F776-1785-4C42-9611-9193F603593E}.Debug|x64.ActiveCfg = Debug|x64
		{47A0F776-1785-4C42-9611-9193F603593E}.Debug|x64.Build.0 = Debug|x64
		{47A0F776-1785-4C42-9611-9193F603593E}.Debug|x86.ActiveCfg = Debug|Win32
		{47A0F776-1785-4C42-9611-9193F603593E}.Debug|x86.Build.0 = Debug|Win32
		{47A0F776-1785-4C42-9611-9193F603593E}.Release|x64.ActiveCfg = Release|x64
		{47A0F776-1785-4C42-9611-9193F603593E}.Release|x64.Build.0 = Release|x64
		{47A0F776-1785-4C42-9611-9193F603593E}.Release|x86.ActiveCfg = Release|Win32
		{47A0F776-1785-4C42-9611-9193F603593E}.Release|x86.Build.0 = Release|Win32
		{13041C6E-02F5-4876-8E58-11E6A57AA157}.Debug|x64.ActiveCfg = Debug|x64
		{13041C6E-02F5-4876-8E58-11E6A57AA157}.Debug|x64.Build.0 = Debug|x64
		{13041C6E-02F5-4876-8E58-11E6A57AA157}.Debug|x86.ActiveCfg = Debug|Win32
		{13041C6E-02F5-4876-8E58-11E6A57AA157}.Debug|x86.Build.0 = Debug|Win32
		{13041C6E-02F5-4876-8E58-11E6A57AA157}.Release|x64.ActiveCfg = Release|x64
		{13041C6E-02F5-4876-8E58-11E6A57AA157}.Release|x64.Build.0 = Release|x64
		{13041C6E-02F5-4876-8E58-11E6A57AA157}.Release|x86.ActiveCfg = Release|Win32
		{13041C6E-02F5-4876-8E58-11E6A57AA157}.Release|x86.Build.0 = Release|Win32
		{BC3910B1-E23C-4D1B-86A5-EE6C4252BEBF}.Debug|x64.ActiveCfg = Debug|x64
		{BC3910B1-E23C-4D1B-86A5-EE6C4252BEBF}.Debug|x64.Build.0 = Debug|x64
		{BC3910B1-E23C-4D1B-86A5-EE6C4252BEBF}.Debug|x86.ActiveCfg = Debug|Win32
		{BC3910B1-E23C-4D1B-86A5-EE6C4252BEBF}.Debug|x86.Build.0 = Debug|Win32
		{BC3910B1-E23C-4D1B-86A5-EE6C4252BEBF}.Release|x64.ActiveCfg = Release|x64
		{BC3910B1-E23C-4D1B-86A5-EE6C4252BEBF}.Release|x64.Build.0 = Release|x64
		{BC3910B1-E23C-4D1B-86A5-EE6C4252BEBF}.Release|x86.ActiveCfg = Release|Win32
		{BC3910B1-E23C-4D1B-86A5-EE6C4252BEBF}.Release|x86.Build.0 = Release|Win32
	EndGlobalSection
	GlobalSection(SolutionProperties) = preSolution
		HideSolutionNode = FALSE
	EndGlobalSection
	GlobalSection(NestedProjects) = preSolution
		{A6A69963-242F-4BA8-9378-3A4EB42FAD80} = {1C6E3753-9DF8-41DE-9E3A-5DECCAF53754}
		{2D38BEFB-3FD4-454F-A157-DEB211D7FC47} = {21D209B5-1132-464E-A3F4-A859D8AA0AF5}
		{E24FF7B3-5EC4-423C-B316-CDB2942C2A01} = {21D209B5-1132-464E-A3F4-A859D8AA0AF5}
		{B2BB85B0-409C-431C-9E00-016FBB592F35} = {21D209B5-1132-464E-A3F4-A859D8AA0AF5}
		{0ADD0C2F-FE9C-405B-A7A0-A0FD4892C736} = {5E434C6A-D4DC-443D-AED8-BBB8512E32F4}
		{C161E095-EE29-4954-8F4F-35188258FF24} = {5E434C6A-D4DC-443D-AED8-BBB8512E32F4}
		{B10684CE-2919-4F0C-98DA-2BC35FCB6820} = {E33B7B84-979C-4A8B-9058-6B482B7F7010}
		{A3FD2864-4284-4155-ABD3-E045B24E3D46} = {E33B7B84-979C-4A8B-9058-6B482B7F7010}
		{501E365B-A767-4109-98EC-89828B4AA487} = {E33B7B84-979C-4A8B-9058-6B482B7F7010}
		{5FFD4778-6E9B-4890-973D-8B624278D125} = {E33B7B84-979C-4A8B-9058-6B482B7F7010}
		{47A0F776-1785-4C42-9611-9193F603593E} = {1C6E3753-9DF8-41DE-9E3A-5DECCAF53754}
		{13041C6E-02F5-4876-8E58-11E6A57AA157} = {1C6E3753-9DF8-41DE-9E3A-5DECCAF53754}
		{BC3910B1-E23C-4D1B-86A5-EE6C4252BEBF} = {1C6E3753-9DF8-41DE-9E3A-5DECCAF53754}
	EndGlobalSection
	GlobalSection(ExtensibilityGlobals) = postSolution
		SolutionGuid = {5C608A90-34FA-4934-AC45-EDCBEF90589F}
	EndGlobalSection
EndGlobal
