
Microsoft Visual Studio Solution File, Format Version 12.00
# Visual Studio Version 17
VisualStudioVersion = 17.8.34511.84
MinimumVisualStudioVersion = 10.0.40219.1
Project("{2150E333-8FDC-42A3-9474-1A3956D46DE8}") = "1_実験プログラム類", "1_実験プログラム類", "{21D209B5-1132-464E-A3F4-A859D8AA0AF5}"
EndProject
Project("{2150E333-8FDC-42A3-9474-1A3956D46DE8}") = "3_ツール類", "3_ツール類", "{E33B7B84-979C-4A8B-9058-6B482B7F7010}"
EndProject
Project("{2150E333-8FDC-42A3-9474-1A3956D46DE8}") = "0_ライブラリ類", "0_ライブラリ類", "{1C6E3753-9DF8-41DE-9E3A-5DECCAF53754}"
EndProject
Project("{2150E333-8FDC-42A3-9474-1A3956D46DE8}") = "2_GUI系の実験プログラム類", "2_GUI系の実験プログラム類", "{5E434C6A-D4DC-443D-AED8-BBB8512E32F4}"
EndProject
Global
	GlobalSection(SolutionProperties) = preSolution
		HideSolutionNode = FALSE
	EndGlobalSection
	GlobalSection(ExtensibilityGlobals) = postSolution
		SolutionGuid = {5C608A90-34FA-4934-AC45-EDCBEF90589F}
	EndGlobalSection
EndGlobal
